
Microsoft Visual Studio Solution File, Format Version 12.00
# Visual Studio Version 17
VisualStudioVersion = 17.7.34202.233
MinimumVisualStudioVersion = 10.0.40219.1
Project("{FAE04EC0-301F-11D3-BF4B-00C04F79EFBC}") = "Filmography", "Filmography\Filmography.csproj", "{A11B7147-A4E3-4B29-A1B9-FAB4AA5EABDE}"
EndProject
Global
	GlobalSection(SolutionConfigurationPlatforms) = preSolution
		Debug|Any CPU = Debug|Any CPU
		Release|Any CPU = Release|Any CPU
	EndGlobalSection
	GlobalSection(ProjectConfigurationPlatforms) = postSolution
		{A11B7147-A4E3-4B29-A1B9-FAB4AA5EABDE}.Debug|Any CPU.ActiveCfg = Debug|Any CPU
		{A11B7147-A4E3-4B29-A1B9-FAB4AA5EABDE}.Debug|Any CPU.Build.0 = Debug|Any CPU
		{A11B7147-A4E3-4B29-A1B9-FAB4AA5EABDE}.Release|Any CPU.ActiveCfg = Release|Any CPU
		{A11B7147-A4E3-4B29-A1B9-FAB4AA5EABDE}.Release|Any CPU.Build.0 = Release|Any CPU
	EndGlobalSection
	GlobalSection(SolutionProperties) = preSolution
		HideSolutionNode = FALSE
	EndGlobalSection
	GlobalSection(ExtensibilityGlobals) = postSolution
		SolutionGuid = {B3E86C9C-AFD8-452D-8AD7-430DC33FFF68}
	EndGlobalSection
EndGlobal
